<?xml version="1.0" encoding="utf-8"?>
<Project ToolsVersion="4.0" xmlns="http://schemas.microsoft.com/developer/msbuild/2003">
  <ItemGroup>
    <ClInclude Include="..\src\Core\Clock.hpp">
      <Filter>Core</Filter>
    </ClInclude>
    <ClInclude Include="..\src\Core\Logger.hpp">
      <Filter>Core</Filter>
    </ClInclude>
    <ClInclude Include="..\src\Tests\MathTests.hpp">
      <Filter>Test</Filter>
    </ClInclude>
    <ClInclude Include="..\src\Core\obj.hpp">
      <Filter>Core</Filter>
    </ClInclude>
    <ClInclude Include="..\src\Core\StringTokenizer.hpp">
      <Filter>Core</Filter>
    </ClInclude>
    <ClInclude Include="..\src\Tests\MemoryTests.hpp">
      <Filter>Test</Filter>
    </ClInclude>
    <ClInclude Include="..\src\Core\Windows\PlatformWindows.hpp">
      <Filter>Core\Windows</Filter>
    </ClInclude>
    <ClInclude Include="..\src\STB\stb_easy_font.h">
      <Filter>STB</Filter>
    </ClInclude>
    <ClInclude Include="..\src\STB\stb_image.h">
      <Filter>STB</Filter>
    </ClInclude>
    <ClInclude Include="..\src\Core\Texture.hpp">
      <Filter>Core</Filter>
    </ClInclude>
    <ClInclude Include="..\src\Core\Windows\PhiWindowsInclude.hpp">
      <Filter>Core\Windows</Filter>
    </ClInclude>
    <ClInclude Include="..\src\Core\FNVHash.hpp">
      <Filter>Core</Filter>
    </ClInclude>
    <ClInclude Include="..\src\Memory\StackAllocator.hpp">
      <Filter>Memory</Filter>
    </ClInclude>
    <ClInclude Include="..\src\Memory\FreeList.hpp">
      <Filter>Memory</Filter>
    </ClInclude>
    <ClInclude Include="..\src\Memory\MemUtil.hpp">
      <Filter>Memory</Filter>
    </ClInclude>
    <ClInclude Include="..\src\Memory\PoolAllocator.hpp">
      <Filter>Memory</Filter>
    </ClInclude>
    <ClInclude Include="..\src\Render\CommandBucket.hpp">
      <Filter>Render</Filter>
    </ClInclude>
    <ClInclude Include="..\src\Render\CommandPacket.hpp">
      <Filter>Render</Filter>
    </ClInclude>
    <ClInclude Include="..\src\Render\Commands.hpp">
      <Filter>Render</Filter>
    </ClInclude>
    <ClInclude Include="..\src\Render\RenderWindow.hpp">
      <Filter>Render</Filter>
    </ClInclude>
    <ClInclude Include="..\src\Render\RIContext.hpp">
      <Filter>Render</Filter>
    </ClInclude>
    <ClInclude Include="..\src\Render\RIDefs.hpp">
      <Filter>Render</Filter>
    </ClInclude>
    <ClInclude Include="..\src\Render\RIDevice.hpp">
      <Filter>Render</Filter>
    </ClInclude>
    <ClInclude Include="..\src\Render\RIResourceContainer.hpp">
      <Filter>Render</Filter>
    </ClInclude>
    <ClInclude Include="..\src\Render\RIResourceHandles.hpp">
      <Filter>Render</Filter>
    </ClInclude>
    <ClInclude Include="..\src\Render\RIResources.hpp">
      <Filter>Render</Filter>
    </ClInclude>
    <ClInclude Include="..\src\Render\RIOpenGL\OpenGL.hpp">
      <Filter>Render\RIOpenGL</Filter>
    </ClInclude>
    <ClInclude Include="..\src\Render\RIOpenGL\RIContextOpenGL.hpp">
      <Filter>Render\RIOpenGL</Filter>
    </ClInclude>
    <ClInclude Include="..\src\Render\RIOpenGL\RIDeviceOpenGL.hpp">
      <Filter>Render\RIOpenGL</Filter>
    </ClInclude>
    <ClInclude Include="..\src\Render\RIOpenGL\RIGlExistingUniforms.hpp">
      <Filter>Render\RIOpenGL</Filter>
    </ClInclude>
    <ClInclude Include="..\src\Render\RIOpenGL\RIOpenGL.hpp">
      <Filter>Render\RIOpenGL</Filter>
    </ClInclude>
    <ClInclude Include="..\src\Render\RIOpenGL\RIOpenGLResourceStore.hpp">
      <Filter>Render\RIOpenGL</Filter>
    </ClInclude>
    <ClInclude Include="..\src\Render\RIOpenGL\RIResourcesOpenGL.hpp">
      <Filter>Render\RIOpenGL</Filter>
    </ClInclude>
    <ClInclude Include="..\src\Math\EulerAngles.hpp">
      <Filter>Math</Filter>
    </ClInclude>
    <ClInclude Include="..\src\Math\MathStreamOverloads.hpp">
      <Filter>Math</Filter>
    </ClInclude>
    <ClInclude Include="..\src\Math\Matrix3.hpp">
      <Filter>Math</Filter>
    </ClInclude>
    <ClInclude Include="..\src\Math\Matrix4.hpp">
      <Filter>Math</Filter>
    </ClInclude>
    <ClInclude Include="..\src\Math\MatrixData.hpp">
      <Filter>Math</Filter>
    </ClInclude>
    <ClInclude Include="..\src\Math\PhiMath.hpp">
      <Filter>Math</Filter>
    </ClInclude>
    <ClInclude Include="..\src\Math\Plane.hpp">
      <Filter>Math</Filter>
    </ClInclude>
    <ClInclude Include="..\src\Math\Quaternion.hpp">
      <Filter>Math</Filter>
    </ClInclude>
    <ClInclude Include="..\src\Math\Ray.hpp">
      <Filter>Math</Filter>
    </ClInclude>
    <ClInclude Include="..\src\Math\Vec2.hpp">
      <Filter>Math</Filter>
    </ClInclude>
    <ClInclude Include="..\src\Math\Vec3.hpp">
      <Filter>Math</Filter>
    </ClInclude>
    <ClInclude Include="..\src\Math\Vec4.hpp">
      <Filter>Math</Filter>
    </ClInclude>
    <ClInclude Include="..\src\Core\WorldObject.hpp">
      <Filter>Core</Filter>
    </ClInclude>
    <ClInclude Include="..\src\Render\DeferredRenderer.hpp">
      <Filter>Render</Filter>
    </ClInclude>
    <ClInclude Include="..\src\Core\Mesh.hpp">
      <Filter>Core</Filter>
    </ClInclude>
    <ClInclude Include="..\src\Core\Shader.hpp">
      <Filter>Core</Filter>
    </ClInclude>
    <ClInclude Include="..\src\Core\PerspectiveCamera.hpp">
      <Filter>Core</Filter>
    </ClInclude>
  </ItemGroup>
  <ItemGroup>
    <ClCompile Include="..\src\Core\Clock.cpp">
      <Filter>Core</Filter>
    </ClCompile>
    <ClCompile Include="..\src\Tests\MathTests.cpp">
      <Filter>Test</Filter>
    </ClCompile>
    <ClCompile Include="..\src\Core\obj.cpp">
      <Filter>Core</Filter>
    </ClCompile>
    <ClCompile Include="..\src\main.cpp" />
    <ClCompile Include="..\src\Core\StringTokenizer.cpp">
      <Filter>Core</Filter>
    </ClCompile>
    <ClCompile Include="..\src\Core\Logger.cpp">
      <Filter>Core</Filter>
    </ClCompile>
    <ClCompile Include="..\src\Tests\MemoryTests.cpp">
      <Filter>Test</Filter>
    </ClCompile>
    <ClCompile Include="..\src\Core\Texture.cpp">
      <Filter>Core</Filter>
    </ClCompile>
    <ClCompile Include="..\src\Memory\FreeList.cpp">
      <Filter>Memory</Filter>
    </ClCompile>
    <ClCompile Include="..\src\Memory\PoolAllocator.cpp">
      <Filter>Memory</Filter>
    </ClCompile>
    <ClCompile Include="..\src\Memory\StackAllocator.cpp">
      <Filter>Memory</Filter>
    </ClCompile>
    <ClCompile Include="..\src\Render\CommandPacket.cpp">
      <Filter>Render</Filter>
    </ClCompile>
    <ClCompile Include="..\src\Render\Commands.cpp">
      <Filter>Render</Filter>
    </ClCompile>
    <ClCompile Include="..\src\Render\RIOpenGL\OpenGL.cpp">
      <Filter>Render\RIOpenGL</Filter>
    </ClCompile>
    <ClCompile Include="..\src\Render\RIOpenGL\RIContextOpenGL.cpp">
      <Filter>Render\RIOpenGL</Filter>
    </ClCompile>
    <ClCompile Include="..\src\Render\RIOpenGL\RIDeviceOpenGL.cpp">
      <Filter>Render\RIOpenGL</Filter>
    </ClCompile>
    <ClCompile Include="..\src\Render\RIOpenGL\RIGlExistingUniforms.cpp">
      <Filter>Render\RIOpenGL</Filter>
    </ClCompile>
    <ClCompile Include="..\src\Render\RIOpenGL\RIOpenGL.cpp">
      <Filter>Render\RIOpenGL</Filter>
    </ClCompile>
    <ClCompile Include="..\src\Math\MathStreamOverloads.cpp">
      <Filter>Math</Filter>
    </ClCompile>
    <ClCompile Include="..\src\Math\Matrix3.cpp">
      <Filter>Math</Filter>
    </ClCompile>
    <ClCompile Include="..\src\Math\Matrix4.cpp">
      <Filter>Math</Filter>
    </ClCompile>
    <ClCompile Include="..\src\Math\PhiMath.cpp">
      <Filter>Math</Filter>
    </ClCompile>
    <ClCompile Include="..\src\Math\Plane.cpp">
      <Filter>Math</Filter>
    </ClCompile>
    <ClCompile Include="..\src\Math\Quaternion.cpp">
      <Filter>Math</Filter>
    </ClCompile>
    <ClCompile Include="..\src\Math\Ray.cpp">
      <Filter>Math</Filter>
    </ClCompile>
    <ClCompile Include="..\src\Math\Vec2.cpp">
      <Filter>Math</Filter>
    </ClCompile>
    <ClCompile Include="..\src\Math\Vec3.cpp">
      <Filter>Math</Filter>
    </ClCompile>
    <ClCompile Include="..\src\Math\Vec4.cpp">
      <Filter>Math</Filter>
    </ClCompile>
    <ClCompile Include="..\src\Render\DeferredRenderer.cpp">
      <Filter>Render</Filter>
    </ClCompile>
    <ClCompile Include="..\src\Core\WorldObject.cpp">
      <Filter>Core</Filter>
    </ClCompile>
    <ClCompile Include="..\src\Core\Mesh.cpp" />
    <ClCompile Include="..\src\Core\Shader.cpp">
      <Filter>Core</Filter>
    </ClCompile>
    <ClCompile Include="..\src\Core\Windows\PlatformWindows.cpp">
      <Filter>Core\Windows</Filter>
    </ClCompile>
  </ItemGroup>
  <ItemGroup>
    <Filter Include="Math">
      <UniqueIdentifier>{6dd00cfd-b2c7-4e5e-8aa8-d9743fd6d5bf}</UniqueIdentifier>
    </Filter>
    <Filter Include="Core">
      <UniqueIdentifier>{37ae950f-762e-41e5-ae23-e3eae35a16a6}</UniqueIdentifier>
    </Filter>
    <Filter Include="Test">
      <UniqueIdentifier>{2ef49644-d68b-479e-8fd0-ed3330411f42}</UniqueIdentifier>
    </Filter>
    <Filter Include="Render">
      <UniqueIdentifier>{ab39b72c-2d1c-4535-9d5f-272eb2d8e422}</UniqueIdentifier>
    </Filter>
    <Filter Include="Memory">
      <UniqueIdentifier>{42545344-5e18-4d91-8b9a-ac5919517f16}</UniqueIdentifier>
    </Filter>
    <Filter Include="Core\Windows">
      <UniqueIdentifier>{84e9d105-d250-4006-b109-e33573068b95}</UniqueIdentifier>
    </Filter>
    <Filter Include="STB">
      <UniqueIdentifier>{982bc338-05d0-424a-a6eb-deec0681d852}</UniqueIdentifier>
    </Filter>
    <Filter Include="Render\RIOpenGL">
      <UniqueIdentifier>{adf98348-3d7d-47f0-aba7-539c004aea75}</UniqueIdentifier>
    </Filter>
  </ItemGroup>
</Project>