<?xml version="1.0" encoding="utf-8"?>
<Project ToolsVersion="4.0" xmlns="http://schemas.microsoft.com/developer/msbuild/2003">
  <ItemGroup>
    <Filter Include="Math">
      <UniqueIdentifier>{93fb33b3-26a9-4b14-8940-3ebe72eb4647}</UniqueIdentifier>
    </Filter>
    <Filter Include="Catch">
      <UniqueIdentifier>{96054404-4acd-447f-a28d-287b03e7e60a}</UniqueIdentifier>
    </Filter>
    <Filter Include="Rendering">
      <UniqueIdentifier>{8149717f-c49b-430d-bca2-a5526cb121eb}</UniqueIdentifier>
    </Filter>
  </ItemGroup>
  <ItemGroup>
    <ClInclude Include="..\src\Catch\Catch.hpp">
      <Filter>Catch</Filter>
    </ClInclude>
    <ClInclude Include="..\src\Catch\MathTests.hpp">
      <Filter>Catch</Filter>
    </ClInclude>
    <ClInclude Include="..\src\Math\Common.hpp">
      <Filter>Math</Filter>
    </ClInclude>
    <ClInclude Include="..\src\Math\Matrix3.hpp">
      <Filter>Math</Filter>
    </ClInclude>
    <ClInclude Include="..\src\Math\Matrix4.hpp">
      <Filter>Math</Filter>
    </ClInclude>
    <ClInclude Include="..\src\Math\MatrixData.hpp">
      <Filter>Math</Filter>
    </ClInclude>
    <ClInclude Include="..\src\Math\PhiMath.hpp">
      <Filter>Math</Filter>
    </ClInclude>
    <ClInclude Include="..\src\Math\Plane.hpp">
      <Filter>Math</Filter>
    </ClInclude>
    <ClInclude Include="..\src\Math\Quaternion.hpp">
      <Filter>Math</Filter>
    </ClInclude>
    <ClInclude Include="..\src\Math\Ray.hpp">
      <Filter>Math</Filter>
    </ClInclude>
    <ClInclude Include="..\src\Math\Rotation.hpp">
      <Filter>Math</Filter>
    </ClInclude>
    <ClInclude Include="..\src\Math\Vec2.hpp">
      <Filter>Math</Filter>
    </ClInclude>
    <ClInclude Include="..\src\Math\Vec3.hpp">
      <Filter>Math</Filter>
    </ClInclude>
    <ClInclude Include="..\src\Math\Vec4.hpp">
      <Filter>Math</Filter>
    </ClInclude>
    <ClInclude Include="..\src\Rendering\Projections.hpp">
      <Filter>Rendering</Filter>
    </ClInclude>
  </ItemGroup>
  <ItemGroup>
    <None Include="packages.config" />
  </ItemGroup>
  <ItemGroup>
    <ClCompile Include="..\src\Main.cpp" />
    <ClCompile Include="..\src\Math\Common.cpp">
      <Filter>Math</Filter>
    </ClCompile>
    <ClCompile Include="..\src\Math\Matrix3.cpp">
      <Filter>Math</Filter>
    </ClCompile>
    <ClCompile Include="..\src\Math\Matrix4.cpp">
      <Filter>Math</Filter>
    </ClCompile>
    <ClCompile Include="..\src\Math\Quaternion.cpp">
      <Filter>Math</Filter>
    </ClCompile>
    <ClCompile Include="..\src\Math\Rotation.cpp">
      <Filter>Math</Filter>
    </ClCompile>
    <ClCompile Include="..\src\Math\Vec2.cpp">
      <Filter>Math</Filter>
    </ClCompile>
    <ClCompile Include="..\src\Math\Vec3.cpp">
      <Filter>Math</Filter>
    </ClCompile>
    <ClCompile Include="..\src\Math\Vec4.cpp">
      <Filter>Math</Filter>
    </ClCompile>
    <ClCompile Include="..\src\Rendering\Projections.cpp">
      <Filter>Rendering</Filter>
    </ClCompile>
  </ItemGroup>
</Project>