<?xml version="1.0" encoding="utf-8"?>
<Project ToolsVersion="4.0" xmlns="http://schemas.microsoft.com/developer/msbuild/2003">
  <ItemGroup>
    <None Include="packages.config" />
  </ItemGroup>
  <ItemGroup>
    <ClCompile Include="..\src\Main.cpp" />
    <ClCompile Include="..\src\Core\Matrix3.cpp">
      <Filter>Math</Filter>
    </ClCompile>
    <ClCompile Include="..\src\Core\Matrix4.cpp">
      <Filter>Math</Filter>
    </ClCompile>
    <ClCompile Include="..\src\Core\Plane.cpp">
      <Filter>Math</Filter>
    </ClCompile>
    <ClCompile Include="..\src\Core\Quaternion.cpp">
      <Filter>Math</Filter>
    </ClCompile>
    <ClCompile Include="..\src\Core\Ray.cpp">
      <Filter>Math</Filter>
    </ClCompile>
    <ClCompile Include="..\src\Core\Vec2.cpp">
      <Filter>Math</Filter>
    </ClCompile>
    <ClCompile Include="..\src\Core\Vec3.cpp">
      <Filter>Math</Filter>
    </ClCompile>
    <ClCompile Include="..\src\Core\Vec4.cpp">
      <Filter>Math</Filter>
    </ClCompile>
    <ClCompile Include="..\src\Core\Clock.cpp">
      <Filter>Core</Filter>
    </ClCompile>
    <ClCompile Include="..\src\Core\Common.cpp">
      <Filter>Math</Filter>
    </ClCompile>
    <ClCompile Include="..\src\Core\Projections.cpp">
      <Filter>Rendering</Filter>
    </ClCompile>
    <ClCompile Include="..\src\Tests\MathTests.cpp">
      <Filter>Tests</Filter>
    </ClCompile>
  </ItemGroup>
  <ItemGroup>
    <Filter Include="Math">
      <UniqueIdentifier>{852bcb78-fe44-49e2-86e7-96e21c68df40}</UniqueIdentifier>
    </Filter>
    <Filter Include="Rendering">
      <UniqueIdentifier>{13134ceb-d301-4e12-8969-3c985944659e}</UniqueIdentifier>
    </Filter>
    <Filter Include="Core">
      <UniqueIdentifier>{0f67a950-3cee-41d8-8ee7-9a809a633dae}</UniqueIdentifier>
    </Filter>
    <Filter Include="Tests">
      <UniqueIdentifier>{0ea923c1-11cb-4bf6-8108-56cf947966b3}</UniqueIdentifier>
    </Filter>
  </ItemGroup>
  <ItemGroup>
    <ClInclude Include="..\src\Core\EulerAngles.hpp">
      <Filter>Math</Filter>
    </ClInclude>
    <ClInclude Include="..\src\Core\Matrix3.hpp">
      <Filter>Math</Filter>
    </ClInclude>
    <ClInclude Include="..\src\Core\Matrix4.hpp">
      <Filter>Math</Filter>
    </ClInclude>
    <ClInclude Include="..\src\Core\MatrixData.hpp">
      <Filter>Math</Filter>
    </ClInclude>
    <ClInclude Include="..\src\Core\Plane.hpp">
      <Filter>Math</Filter>
    </ClInclude>
    <ClInclude Include="..\src\Core\Quaternion.hpp">
      <Filter>Math</Filter>
    </ClInclude>
    <ClInclude Include="..\src\Core\Ray.hpp">
      <Filter>Math</Filter>
    </ClInclude>
    <ClInclude Include="..\src\Core\Vec2.hpp">
      <Filter>Math</Filter>
    </ClInclude>
    <ClInclude Include="..\src\Core\Vec3.hpp">
      <Filter>Math</Filter>
    </ClInclude>
    <ClInclude Include="..\src\Core\Vec4.hpp">
      <Filter>Math</Filter>
    </ClInclude>
    <ClInclude Include="..\src\Core\Clock.hpp">
      <Filter>Core</Filter>
    </ClInclude>
    <ClInclude Include="..\src\Core\PhiCoreRequired.hpp">
      <Filter>Core</Filter>
    </ClInclude>
    <ClInclude Include="..\src\Core\PhiTypes.hpp">
      <Filter>Core</Filter>
    </ClInclude>
    <ClInclude Include="..\src\Core\Common.hpp">
      <Filter>Math</Filter>
    </ClInclude>
    <ClInclude Include="..\src\Core\Projections.hpp">
      <Filter>Rendering</Filter>
    </ClInclude>
    <ClInclude Include="..\src\Tests\MathTests.hpp">
      <Filter>Tests</Filter>
    </ClInclude>
    <ClInclude Include="..\src\Core\ATK.hpp">
      <Filter>Core</Filter>
    </ClInclude>
    <ClInclude Include="..\src\Core\Logger.hpp">
      <Filter>Core</Filter>
    </ClInclude>
  </ItemGroup>
</Project>